
Microsoft Visual Studio Solution File, Format Version 12.00
# Visual Studio 2012
Project("{FAE04EC0-301F-11D3-BF4B-00C04F79EFBC}") = "MakeupMatcher.Core", "MakeupMatcher.Core\MakeupMatcher.Core.csproj", "{C377A8AE-F02A-4740-A208-9C22B40030EA}"
EndProject
Project("{FAE04EC0-301F-11D3-BF4B-00C04F79EFBC}") = "MakeupMatcher.UI.Droid", "MakeupMatcher.UI.Droid\MakeupMatcher.UI.Droid.csproj", "{158C6750-768B-4627-895D-CAF11381C63A}"
EndProject
Global
	GlobalSection(SolutionConfigurationPlatforms) = preSolution
		Debug|Any CPU = Debug|Any CPU
		Release|Any CPU = Release|Any CPU
		Debug|iPhoneSimulator = Debug|iPhoneSimulator
		Release|iPhone = Release|iPhone
		Release|iPhoneSimulator = Release|iPhoneSimulator
		Debug|iPhone = Debug|iPhone
	EndGlobalSection
	GlobalSection(ProjectConfigurationPlatforms) = postSolution
		{C377A8AE-F02A-4740-A208-9C22B40030EA}.Debug|Any CPU.ActiveCfg = Debug|Any CPU
		{C377A8AE-F02A-4740-A208-9C22B40030EA}.Debug|Any CPU.Build.0 = Debug|Any CPU
		{C377A8AE-F02A-4740-A208-9C22B40030EA}.Release|Any CPU.ActiveCfg = Release|Any CPU
		{C377A8AE-F02A-4740-A208-9C22B40030EA}.Release|Any CPU.Build.0 = Release|Any CPU
		{C377A8AE-F02A-4740-A208-9C22B40030EA}.Debug|iPhoneSimulator.ActiveCfg = Debug|Any CPU
		{C377A8AE-F02A-4740-A208-9C22B40030EA}.Debug|iPhoneSimulator.Build.0 = Debug|Any CPU
		{C377A8AE-F02A-4740-A208-9C22B40030EA}.Release|iPhone.ActiveCfg = Release|Any CPU
		{C377A8AE-F02A-4740-A208-9C22B40030EA}.Release|iPhone.Build.0 = Release|Any CPU
		{C377A8AE-F02A-4740-A208-9C22B40030EA}.Release|iPhoneSimulator.ActiveCfg = Release|Any CPU
		{C377A8AE-F02A-4740-A208-9C22B40030EA}.Release|iPhoneSimulator.Build.0 = Release|Any CPU
		{C377A8AE-F02A-4740-A208-9C22B40030EA}.Debug|iPhone.ActiveCfg = Debug|Any CPU
		{C377A8AE-F02A-4740-A208-9C22B40030EA}.Debug|iPhone.Build.0 = Debug|Any CPU
		{158C6750-768B-4627-895D-CAF11381C63A}.Debug|Any CPU.ActiveCfg = Debug|Any CPU
		{158C6750-768B-4627-895D-CAF11381C63A}.Debug|Any CPU.Build.0 = Debug|Any CPU
		{158C6750-768B-4627-895D-CAF11381C63A}.Release|Any CPU.ActiveCfg = Release|Any CPU
		{158C6750-768B-4627-895D-CAF11381C63A}.Release|Any CPU.Build.0 = Release|Any CPU
		{158C6750-768B-4627-895D-CAF11381C63A}.Debug|iPhoneSimulator.ActiveCfg = Debug|Any CPU
		{158C6750-768B-4627-895D-CAF11381C63A}.Debug|iPhoneSimulator.Build.0 = Debug|Any CPU
		{158C6750-768B-4627-895D-CAF11381C63A}.Release|iPhone.ActiveCfg = Release|Any CPU
		{158C6750-768B-4627-895D-CAF11381C63A}.Release|iPhone.Build.0 = Release|Any CPU
		{158C6750-768B-4627-895D-CAF11381C63A}.Release|iPhoneSimulator.ActiveCfg = Release|Any CPU
		{158C6750-768B-4627-895D-CAF11381C63A}.Release|iPhoneSimulator.Build.0 = Release|Any CPU
		{158C6750-768B-4627-895D-CAF11381C63A}.Debug|iPhone.ActiveCfg = Debug|Any CPU
		{158C6750-768B-4627-895D-CAF11381C63A}.Debug|iPhone.Build.0 = Debug|Any CPU
	EndGlobalSection
EndGlobal
